
Microsoft Visual Studio Solution File, Format Version 12.00
# Visual Studio Version 16
VisualStudioVersion = 16.0.30011.22
MinimumVisualStudioVersion = 10.0.40219.1
Project("{FAE04EC0-301F-11D3-BF4B-00C04F79EFBC}") = "IsolatedStorageDemo", "IsolatedStorageDemo.csproj", "{2F1CAB41-9B3C-47E8-BD06-BF975B53A9DC}"
EndProject
Global
	GlobalSection(SolutionConfigurationPlatforms) = preSolution
		Debug|Any CPU = Debug|Any CPU
		Release|Any CPU = Release|Any CPU
	EndGlobalSection
	GlobalSection(ProjectConfigurationPlatforms) = postSolution
		{2F1CAB41-9B3C-47E8-BD06-BF975B53A9DC}.Debug|Any CPU.ActiveCfg = Debug|Any CPU
		{2F1CAB41-9B3C-47E8-BD06-BF975B53A9DC}.Debug|Any CPU.Build.0 = Debug|Any CPU
		{2F1CAB41-9B3C-47E8-BD06-BF975B53A9DC}.Release|Any CPU.ActiveCfg = Release|Any CPU
		{2F1CAB41-9B3C-47E8-BD06-BF975B53A9DC}.Release|Any CPU.Build.0 = Release|Any CPU
	EndGlobalSection
	GlobalSection(SolutionProperties) = preSolution
		HideSolutionNode = FALSE
	EndGlobalSection
	GlobalSection(ExtensibilityGlobals) = postSolution
		SolutionGuid = {1F5170C7-E967-4DC9-A8FB-6A83F83F1804}
	EndGlobalSection
EndGlobal
