
Microsoft Visual Studio Solution File, Format Version 12.00
# Visual Studio Version 16
VisualStudioVersion = 16.0.30804.86
MinimumVisualStudioVersion = 10.0.40219.1
Project("{FAE04EC0-301F-11D3-BF4B-00C04F79EFBC}") = "server", "server.csproj", "{12A960B5-596A-447E-9079-B301875CBE61}"
EndProject
Global
	GlobalSection(SolutionConfigurationPlatforms) = preSolution
		Debug|Any CPU = Debug|Any CPU
		Release|Any CPU = Release|Any CPU
	EndGlobalSection
	GlobalSection(ProjectConfigurationPlatforms) = postSolution
		{12A960B5-596A-447E-9079-B301875CBE61}.Debug|Any CPU.ActiveCfg = Debug|Any CPU
		{12A960B5-596A-447E-9079-B301875CBE61}.Debug|Any CPU.Build.0 = Debug|Any CPU
		{12A960B5-596A-447E-9079-B301875CBE61}.Release|Any CPU.ActiveCfg = Release|Any CPU
		{12A960B5-596A-447E-9079-B301875CBE61}.Release|Any CPU.Build.0 = Release|Any CPU
	EndGlobalSection
	GlobalSection(SolutionProperties) = preSolution
		HideSolutionNode = FALSE
	EndGlobalSection
	GlobalSection(ExtensibilityGlobals) = postSolution
		SolutionGuid = {F2BF8FA6-13A6-4308-9A24-BF4E40823D5D}
	EndGlobalSection
EndGlobal
